
Microsoft Visual Studio Solution File, Format Version 12.00
# Visual Studio Version 17
VisualStudioVersion = 17.3.32825.248
MinimumVisualStudioVersion = 10.0.40219.1
Project("{FAE04EC0-301F-11D3-BF4B-00C04F79EFBC}") = "SecretsKeeper", "SecretsKeeper.csproj", "{2B6DA450-42BD-4541-BB49-EE1F4AE76A64}"
EndProject
Global
	GlobalSection(SolutionConfigurationPlatforms) = preSolution
		Debug|Any CPU = Debug|Any CPU
		Release|Any CPU = Release|Any CPU
	EndGlobalSection
	GlobalSection(ProjectConfigurationPlatforms) = postSolution
		{2B6DA450-42BD-4541-BB49-EE1F4AE76A64}.Debug|Any CPU.ActiveCfg = Debug|Any CPU
		{2B6DA450-42BD-4541-BB49-EE1F4AE76A64}.Debug|Any CPU.Build.0 = Debug|Any CPU
		{2B6DA450-42BD-4541-BB49-EE1F4AE76A64}.Release|Any CPU.ActiveCfg = Release|Any CPU
		{2B6DA450-42BD-4541-BB49-EE1F4AE76A64}.Release|Any CPU.Build.0 = Release|Any CPU
	EndGlobalSection
	GlobalSection(SolutionProperties) = preSolution
		HideSolutionNode = FALSE
	EndGlobalSection
	GlobalSection(ExtensibilityGlobals) = postSolution
		SolutionGuid = {82E33E6C-49FE-4E0D-8DBF-5ECBCFCA4599}
	EndGlobalSection
EndGlobal
